
Microsoft Visual Studio Solution File, Format Version 12.00
# Visual Studio Version 16
VisualStudioVersion = 16.0.29519.87
MinimumVisualStudioVersion = 10.0.40219.1
Project("{FAE04EC0-301F-11D3-BF4B-00C04F79EFBC}") = "Hospital Management System 1", "Hospital Management System 1.csproj", "{E59F062F-691F-48F0-A627-8FC5FF427868}"
EndProject
Global
	GlobalSection(SolutionConfigurationPlatforms) = preSolution
		Debug|Any CPU = Debug|Any CPU
		Release|Any CPU = Release|Any CPU
	EndGlobalSection
	GlobalSection(ProjectConfigurationPlatforms) = postSolution
		{E59F062F-691F-48F0-A627-8FC5FF427868}.Debug|Any CPU.ActiveCfg = Release|Any CPU
		{E59F062F-691F-48F0-A627-8FC5FF427868}.Debug|Any CPU.Build.0 = Release|Any CPU
		{E59F062F-691F-48F0-A627-8FC5FF427868}.Release|Any CPU.ActiveCfg = Release|Any CPU
		{E59F062F-691F-48F0-A627-8FC5FF427868}.Release|Any CPU.Build.0 = Release|Any CPU
	EndGlobalSection
	GlobalSection(SolutionProperties) = preSolution
		HideSolutionNode = FALSE
	EndGlobalSection
	GlobalSection(ExtensibilityGlobals) = postSolution
		SolutionGuid = {45C4698A-1BF3-4612-8106-C86C12AFB4D9}
	EndGlobalSection
EndGlobal
